// !$*UTF8*$!
{
	archiveVersion = 1;
	classes = {
	};
	objectVersion = 56;
	objects = {

/* Begin PBXBuildFile section */
		C303850329132E57008BF4F5 /* DecryptViewController.swift in Sources */ = {isa = PBXBuildFile; fileRef = C303850229132E57008BF4F5 /* DecryptViewController.swift */; };
		C3038505291333CB008BF4F5 /* WordListViewController.swift in Sources */ = {isa = PBXBuildFile; fileRef = C3038504291333CB008BF4F5 /* WordListViewController.swift */; };
		C303850729133724008BF4F5 /* bipCell.swift in Sources */ = {isa = PBXBuildFile; fileRef = C303850629133724008BF4F5 /* bipCell.swift */; };
		C3956DC8291234BE00B31A54 /* AppDelegate.swift in Sources */ = {isa = PBXBuildFile; fileRef = C3956DC7291234BE00B31A54 /* AppDelegate.swift */; };
		C3956DCA291234BE00B31A54 /* SceneDelegate.swift in Sources */ = {isa = PBXBuildFile; fileRef = C3956DC9291234BE00B31A54 /* SceneDelegate.swift */; };
		C3956DCC291234BE00B31A54 /* ViewController.swift in Sources */ = {isa = PBXBuildFile; fileRef = C3956DCB291234BE00B31A54 /* ViewController.swift */; };
		C3956DCF291234BE00B31A54 /* Main.storyboard in Resources */ = {isa = PBXBuildFile; fileRef = C3956DCD291234BE00B31A54 /* Main.storyboard */; };
		C3956DD1291234C100B31A54 /* Assets.xcassets in Resources */ = {isa = PBXBuildFile; fileRef = C3956DD0291234C100B31A54 /* Assets.xcassets */; };
		C3956DD4291234C100B31A54 /* LaunchScreen.storyboard in Resources */ = {isa = PBXBuildFile; fileRef = C3956DD2291234C100B31A54 /* LaunchScreen.storyboard */; };
		C3956DDC291234E600B31A54 /* Wordlist.swift in Sources */ = {isa = PBXBuildFile; fileRef = C3956DDB291234E600B31A54 /* Wordlist.swift */; };
/* End PBXBuildFile section */

/* Begin PBXFileReference section */
		C303850229132E57008BF4F5 /* DecryptViewController.swift */ = {isa = PBXFileReference; lastKnownFileType = sourcecode.swift; path = DecryptViewController.swift; sourceTree = "<group>"; };
		C3038504291333CB008BF4F5 /* WordListViewController.swift */ = {isa = PBXFileReference; lastKnownFileType = sourcecode.swift; path = WordListViewController.swift; sourceTree = "<group>"; };
		C303850629133724008BF4F5 /* bipCell.swift */ = {isa = PBXFileReference; lastKnownFileType = sourcecode.swift; path = bipCell.swift; sourceTree = "<group>"; };
		C3956DC4291234BE00B31A54 /* DECRYPTo.app */ = {isa = PBXFileReference; explicitFileType = wrapper.application; includeInIndex = 0; path = DECRYPTo.app; sourceTree = BUILT_PRODUCTS_DIR; };
		C3956DC7291234BE00B31A54 /* AppDelegate.swift */ = {isa = PBXFileReference; lastKnownFileType = sourcecode.swift; path = AppDelegate.swift; sourceTree = "<group>"; };
		C3956DC9291234BE00B31A54 /* SceneDelegate.swift */ = {isa = PBXFileReference; lastKnownFileType = sourcecode.swift; path = SceneDelegate.swift; sourceTree = "<group>"; };
		C3956DCB291234BE00B31A54 /* ViewController.swift */ = {isa = PBXFileReference; lastKnownFileType = sourcecode.swift; path = ViewController.swift; sourceTree = "<group>"; };
		C3956DCE291234BE00B31A54 /* Base */ = {isa = PBXFileReference; lastKnownFileType = file.storyboard; name = Base; path = Base.lproj/Main.storyboard; sourceTree = "<group>"; };
		C3956DD0291234C100B31A54 /* Assets.xcassets */ = {isa = PBXFileReference; lastKnownFileType = folder.assetcatalog; path = Assets.xcassets; sourceTree = "<group>"; };
		C3956DD3291234C100B31A54 /* Base */ = {isa = PBXFileReference; lastKnownFileType = file.storyboard; name = Base; path = Base.lproj/LaunchScreen.storyboard; sourceTree = "<group>"; };
		C3956DD5291234C100B31A54 /* Info.plist */ = {isa = PBXFileReference; lastKnownFileType = text.plist.xml; path = Info.plist; sourceTree = "<group>"; };
		C3956DDB291234E600B31A54 /* Wordlist.swift */ = {isa = PBXFileReference; lastKnownFileType = sourcecode.swift; path = Wordlist.swift; sourceTree = "<group>"; };
/* End PBXFileReference section */

/* Begin PBXFrameworksBuildPhase section */
		C3956DC1291234BE00B31A54 /* Frameworks */ = {
			isa = PBXFrameworksBuildPhase;
			buildActionMask = 2147483647;
			files = (
			);
			runOnlyForDeploymentPostprocessing = 0;
		};
/* End PBXFrameworksBuildPhase section */

/* Begin PBXGroup section */
		C303850829144435008BF4F5 /* Controllers */ = {
			isa = PBXGroup;
			children = (
				C3956DCB291234BE00B31A54 /* ViewController.swift */,
				C3038504291333CB008BF4F5 /* WordListViewController.swift */,
				C303850229132E57008BF4F5 /* DecryptViewController.swift */,
			);
			path = Controllers;
			sourceTree = "<group>";
		};
		C303850929144455008BF4F5 /* Models */ = {
			isa = PBXGroup;
			children = (
				C3956DDB291234E600B31A54 /* Wordlist.swift */,
				C303850629133724008BF4F5 /* bipCell.swift */,
			);
			path = Models;
			sourceTree = "<group>";
		};
		C303850A2914446C008BF4F5 /* Views */ = {
			isa = PBXGroup;
			children = (
				C3956DCD291234BE00B31A54 /* Main.storyboard */,
			);
			path = Views;
			sourceTree = "<group>";
		};
		C3956DBB291234BE00B31A54 = {
			isa = PBXGroup;
			children = (
				C3956DC6291234BE00B31A54 /* DECRYPTo */,
				C3956DC5291234BE00B31A54 /* Products */,
			);
			sourceTree = "<group>";
		};
		C3956DC5291234BE00B31A54 /* Products */ = {
			isa = PBXGroup;
			children = (
				C3956DC4291234BE00B31A54 /* DECRYPTo.app */,
			);
			name = Products;
			sourceTree = "<group>";
		};
		C3956DC6291234BE00B31A54 /* DECRYPTo */ = {
			isa = PBXGroup;
			children = (
				C3956DC7291234BE00B31A54 /* AppDelegate.swift */,
				C3956DC9291234BE00B31A54 /* SceneDelegate.swift */,
				C303850929144455008BF4F5 /* Models */,
				C303850A2914446C008BF4F5 /* Views */,
				C303850829144435008BF4F5 /* Controllers */,
				C3956DD0291234C100B31A54 /* Assets.xcassets */,
				C3956DD2291234C100B31A54 /* LaunchScreen.storyboard */,
				C3956DD5291234C100B31A54 /* Info.plist */,
			);
			path = DECRYPTo;
			sourceTree = "<group>";
		};
/* End PBXGroup section */

/* Begin PBXNativeTarget section */
		C3956DC3291234BE00B31A54 /* DECRYPTo */ = {
			isa = PBXNativeTarget;
			buildConfigurationList = C3956DD8291234C100B31A54 /* Build configuration list for PBXNativeTarget "DECRYPTo" */;
			buildPhases = (
				C3956DC0291234BE00B31A54 /* Sources */,
				C3956DC1291234BE00B31A54 /* Frameworks */,
				C3956DC2291234BE00B31A54 /* Resources */,
			);
			buildRules = (
			);
			dependencies = (
			);
			name = DECRYPTo;
			productName = DECRYPTo;
			productReference = C3956DC4291234BE00B31A54 /* DECRYPTo.app */;
			productType = "com.apple.product-type.application";
		};
/* End PBXNativeTarget section */

/* Begin PBXProject section */
		C3956DBC291234BE00B31A54 /* Project object */ = {
			isa = PBXProject;
			attributes = {
				BuildIndependentTargetsInParallel = 1;
				LastSwiftUpdateCheck = 1400;
				LastUpgradeCheck = 1400;
				TargetAttributes = {
					C3956DC3291234BE00B31A54 = {
						CreatedOnToolsVersion = 14.0;
					};
				};
			};
			buildConfigurationList = C3956DBF291234BE00B31A54 /* Build configuration list for PBXProject "DECRYPTo" */;
			compatibilityVersion = "Xcode 14.0";
			developmentRegion = en;
			hasScannedForEncodings = 0;
			knownRegions = (
				en,
				Base,
			);
			mainGroup = C3956DBB291234BE00B31A54;
			productRefGroup = C3956DC5291234BE00B31A54 /* Products */;
			projectDirPath = "";
			projectRoot = "";
			targets = (
				C3956DC3291234BE00B31A54 /* DECRYPTo */,
			);
		};
/* End PBXProject section */

/* Begin PBXResourcesBuildPhase section */
		C3956DC2291234BE00B31A54 /* Resources */ = {
			isa = PBXResourcesBuildPhase;
			buildActionMask = 2147483647;
			files = (
				C3956DD4291234C100B31A54 /* LaunchScreen.storyboard in Resources */,
				C3956DD1291234C100B31A54 /* Assets.xcassets in Resources */,
				C3956DCF291234BE00B31A54 /* Main.storyboard in Resources */,
			);
			runOnlyForDeploymentPostprocessing = 0;
		};
/* End PBXResourcesBuildPhase section */

/* Begin PBXSourcesBuildPhase section */
		C3956DC0291234BE00B31A54 /* Sources */ = {
			isa = PBXSourcesBuildPhase;
			buildActionMask = 2147483647;
			files = (
				C3956DCC291234BE00B31A54 /* ViewController.swift in Sources */,
				C3956DDC291234E600B31A54 /* Wordlist.swift in Sources */,
				C3038505291333CB008BF4F5 /* WordListViewController.swift in Sources */,
				C303850729133724008BF4F5 /* bipCell.swift in Sources */,
				C3956DC8291234BE00B31A54 /* AppDelegate.swift in Sources */,
				C3956DCA291234BE00B31A54 /* SceneDelegate.swift in Sources */,
				C303850329132E57008BF4F5 /* DecryptViewController.swift in Sources */,
			);
			runOnlyForDeploymentPostprocessing = 0;
		};
/* End PBXSourcesBuildPhase section */

/* Begin PBXVariantGroup section */
		C3956DCD291234BE00B31A54 /* Main.storyboard */ = {
			isa = PBXVariantGroup;
			children = (
				C3956DCE291234BE00B31A54 /* Base */,
			);
			name = Main.storyboard;
			sourceTree = "<group>";
		};
		C3956DD2291234C100B31A54 /* LaunchScreen.storyboard */ = {
			isa = PBXVariantGroup;
			children = (
				C3956DD3291234C100B31A54 /* Base */,
			);
			name = LaunchScreen.storyboard;
			sourceTree = "<group>";
		};
/* End PBXVariantGroup section */

/* Begin XCBuildConfiguration section */
		C3956DD6291234C100B31A54 /* Debug */ = {
			isa = XCBuildConfiguration;
			buildSettings = {
				ALWAYS_SEARCH_USER_PATHS = NO;
				CLANG_ANALYZER_NONNULL = YES;
				CLANG_ANALYZER_NUMBER_OBJECT_CONVERSION = YES_AGGRESSIVE;
				CLANG_CXX_LANGUAGE_STANDARD = "gnu++20";
				CLANG_ENABLE_MODULES = YES;
				CLANG_ENABLE_OBJC_ARC = YES;
				CLANG_ENABLE_OBJC_WEAK = YES;
				CLANG_WARN_BLOCK_CAPTURE_AUTORELEASING = YES;
				CLANG_WARN_BOOL_CONVERSION = YES;
				CLANG_WARN_COMMA = YES;
				CLANG_WARN_CONSTANT_CONVERSION = YES;
				CLANG_WARN_DEPRECATED_OBJC_IMPLEMENTATIONS = YES;
				CLANG_WARN_DIRECT_OBJC_ISA_USAGE = YES_ERROR;
				CLANG_WARN_DOCUMENTATION_COMMENTS = YES;
				CLANG_WARN_EMPTY_BODY = YES;
				CLANG_WARN_ENUM_CONVERSION = YES;
				CLANG_WARN_INFINITE_RECURSION = YES;
				CLANG_WARN_INT_CONVERSION = YES;
				CLANG_WARN_NON_LITERAL_NULL_CONVERSION = YES;
				CLANG_WARN_OBJC_IMPLICIT_RETAIN_SELF = YES;
				CLANG_WARN_OBJC_LITERAL_CONVERSION = YES;
				CLANG_WARN_OBJC_ROOT_CLASS = YES_ERROR;
				CLANG_WARN_QUOTED_INCLUDE_IN_FRAMEWORK_HEADER = YES;
				CLANG_WARN_RANGE_LOOP_ANALYSIS = YES;
				CLANG_WARN_STRICT_PROTOTYPES = YES;
				CLANG_WARN_SUSPICIOUS_MOVE = YES;
				CLANG_WARN_UNGUARDED_AVAILABILITY = YES_AGGRESSIVE;
				CLANG_WARN_UNREACHABLE_CODE = YES;
				CLANG_WARN__DUPLICATE_METHOD_MATCH = YES;
				COPY_PHASE_STRIP = NO;
				DEBUG_INFORMATION_FORMAT = dwarf;
				ENABLE_STRICT_OBJC_MSGSEND = YES;
				ENABLE_TESTABILITY = YES;
				GCC_C_LANGUAGE_STANDARD = gnu11;
				GCC_DYNAMIC_NO_PIC = NO;
				GCC_NO_COMMON_BLOCKS = YES;
				GCC_OPTIMIZATION_LEVEL = 0;
				GCC_PREPROCESSOR_DEFINITIONS = (
					"DEBUG=1",
					"$(inherited)",
				);
				GCC_WARN_64_TO_32_BIT_CONVERSION = YES;
				GCC_WARN_ABOUT_RETURN_TYPE = YES_ERROR;
				GCC_WARN_UNDECLARED_SELECTOR = YES;
				GCC_WARN_UNINITIALIZED_AUTOS = YES_AGGRESSIVE;
				GCC_WARN_UNUSED_FUNCTION = YES;
				GCC_WARN_UNUSED_VARIABLE = YES;
				IPHONEOS_DEPLOYMENT_TARGET = 16.0;
				MTL_ENABLE_DEBUG_INFO = INCLUDE_SOURCE;
				MTL_FAST_MATH = YES;
				ONLY_ACTIVE_ARCH = YES;
				SDKROOT = iphoneos;
				SWIFT_ACTIVE_COMPILATION_CONDITIONS = DEBUG;
				SWIFT_OPTIMIZATION_LEVEL = "-Onone";
			};
			name = Debug;
		};
		C3956DD7291234C100B31A54 /* Release */ = {
			isa = XCBuildConfiguration;
			buildSettings = {
				ALWAYS_SEARCH_USER_PATHS = NO;
				CLANG_ANALYZER_NONNULL = YES;
				CLANG_ANALYZER_NUMBER_OBJECT_CONVERSION = YES_AGGRESSIVE;
				CLANG_CXX_LANGUAGE_STANDARD = "gnu++20";
				CLANG_ENABLE_MODULES = YES;
				CLANG_ENABLE_OBJC_ARC = YES;
				CLANG_ENABLE_OBJC_WEAK = YES;
				CLANG_WARN_BLOCK_CAPTURE_AUTORELEASING = YES;
				CLANG_WARN_BOOL_CONVERSION = YES;
				CLANG_WARN_COMMA = YES;
				CLANG_WARN_CONSTANT_CONVERSION = YES;
				CLANG_WARN_DEPRECATED_OBJC_IMPLEMENTATIONS = YES;
				CLANG_WARN_DIRECT_OBJC_ISA_USAGE = YES_ERROR;
				CLANG_WARN_DOCUMENTATION_COMMENTS = YES;
				CLANG_WARN_EMPTY_BODY = YES;
				CLANG_WARN_ENUM_CONVERSION = YES;
				CLANG_WARN_INFINITE_RECURSION = YES;
				CLANG_WARN_INT_CONVERSION = YES;
				CLANG_WARN_NON_LITERAL_NULL_CONVERSION = YES;
				CLANG_WARN_OBJC_IMPLICIT_RETAIN_SELF = YES;
				CLANG_WARN_OBJC_LITERAL_CONVERSION = YES;
				CLANG_WARN_OBJC_ROOT_CLASS = YES_ERROR;
				CLANG_WARN_QUOTED_INCLUDE_IN_FRAMEWORK_HEADER = YES;
				CLANG_WARN_RANGE_LOOP_ANALYSIS = YES;
				CLANG_WARN_STRICT_PROTOTYPES = YES;
				CLANG_WARN_SUSPICIOUS_MOVE = YES;
				CLANG_WARN_UNGUARDED_AVAILABILITY = YES_AGGRESSIVE;
				CLANG_WARN_UNREACHABLE_CODE = YES;
				CLANG_WARN__DUPLICATE_METHOD_MATCH = YES;
				COPY_PHASE_STRIP = NO;
				DEBUG_INFORMATION_FORMAT = "dwarf-with-dsym";
				ENABLE_NS_ASSERTIONS = NO;
				ENABLE_STRICT_OBJC_MSGSEND = YES;
				GCC_C_LANGUAGE_STANDARD = gnu11;
				GCC_NO_COMMON_BLOCKS = YES;
				GCC_WARN_64_TO_32_BIT_CONVERSION = YES;
				GCC_WARN_ABOUT_RETURN_TYPE = YES_ERROR;
				GCC_WARN_UNDECLARED_SELECTOR = YES;
				GCC_WARN_UNINITIALIZED_AUTOS = YES_AGGRESSIVE;
				GCC_WARN_UNUSED_FUNCTION = YES;
				GCC_WARN_UNUSED_VARIABLE = YES;
				IPHONEOS_DEPLOYMENT_TARGET = 16.0;
				MTL_ENABLE_DEBUG_INFO = NO;
				MTL_FAST_MATH = YES;
				SDKROOT = iphoneos;
				SWIFT_COMPILATION_MODE = wholemodule;
				SWIFT_OPTIMIZATION_LEVEL = "-O";
				VALIDATE_PRODUCT = YES;
			};
			name = Release;
		};
		C3956DD9291234C100B31A54 /* Debug */ = {
			isa = XCBuildConfiguration;
			buildSettings = {
				ASSETCATALOG_COMPILER_APPICON_NAME = AppIcon;
				ASSETCATALOG_COMPILER_GLOBAL_ACCENT_COLOR_NAME = AccentColor;
				CODE_SIGN_STYLE = Automatic;
				CURRENT_PROJECT_VERSION = 1;
				DEVELOPMENT_TEAM = QW5Q4DEJR2;
				GENERATE_INFOPLIST_FILE = YES;
				INFOPLIST_FILE = DECRYPTo/Info.plist;
				INFOPLIST_KEY_UIApplicationSupportsIndirectInputEvents = YES;
				INFOPLIST_KEY_UILaunchStoryboardName = LaunchScreen;
				INFOPLIST_KEY_UIMainStoryboardFile = Main;
				INFOPLIST_KEY_UISupportedInterfaceOrientations = UIInterfaceOrientationPortrait;
				INFOPLIST_KEY_UISupportedInterfaceOrientations_iPad = "UIInterfaceOrientationLandscapeLeft UIInterfaceOrientationLandscapeRight UIInterfaceOrientationPortrait UIInterfaceOrientationPortraitUpsideDown";
				IPHONEOS_DEPLOYMENT_TARGET = 15.0;
				LD_RUNPATH_SEARCH_PATHS = (
					"$(inherited)",
					"@executable_path/Frameworks",
				);
				MARKETING_VERSION = 1.0;
				PRODUCT_BUNDLE_IDENTIFIER = com.iSpimbi.DECRYPTo;
				PRODUCT_NAME = "$(TARGET_NAME)";
				SWIFT_EMIT_LOC_STRINGS = YES;
				SWIFT_VERSION = 5.0;
				TARGETED_DEVICE_FAMILY = "1,2";
			};
			name = Debug;
		};
		C3956DDA291234C100B31A54 /* Release */ = {
			isa = XCBuildConfiguration;
			buildSettings = {
				ASSETCATALOG_COMPILER_APPICON_NAME = AppIcon;
				ASSETCATALOG_COMPILER_GLOBAL_ACCENT_COLOR_NAME = AccentColor;
				CODE_SIGN_STYLE = Automatic;
				CURRENT_PROJECT_VERSION = 1;
				DEVELOPMENT_TEAM = QW5Q4DEJR2;
				GENERATE_INFOPLIST_FILE = YES;
				INFOPLIST_FILE = DECRYPTo/Info.plist;
				INFOPLIST_KEY_UIApplicationSupportsIndirectInputEvents = YES;
				INFOPLIST_KEY_UILaunchStoryboardName = LaunchScreen;
				INFOPLIST_KEY_UIMainStoryboardFile = Main;
				INFOPLIST_KEY_UISupportedInterfaceOrientations = UIInterfaceOrientationPortrait;
				INFOPLIST_KEY_UISupportedInterfaceOrientations_iPad = "UIInterfaceOrientationLandscapeLeft UIInterfaceOrientationLandscapeRight UIInterfaceOrientationPortrait UIInterfaceOrientationPortraitUpsideDown";
				IPHONEOS_DEPLOYMENT_TARGET = 15.0;
				LD_RUNPATH_SEARCH_PATHS = (
					"$(inherited)",
					"@executable_path/Frameworks",
				);
				MARKETING_VERSION = 1.0;
				PRODUCT_BUNDLE_IDENTIFIER = com.iSpimbi.DECRYPTo;
				PRODUCT_NAME = "$(TARGET_NAME)";
				SWIFT_EMIT_LOC_STRINGS = YES;
				SWIFT_VERSION = 5.0;
				TARGETED_DEVICE_FAMILY = "1,2";
			};
			name = Release;
		};
/* End XCBuildConfiguration section */

/* Begin XCConfigurationList section */
		C3956DBF291234BE00B31A54 /* Build configuration list for PBXProject "DECRYPTo" */ = {
			isa = XCConfigurationList;
			buildConfigurations = (
				C3956DD6291234C100B31A54 /* Debug */,
				C3956DD7291234C100B31A54 /* Release */,
			);
			defaultConfigurationIsVisible = 0;
			defaultConfigurationName = Release;
		};
		C3956DD8291234C100B31A54 /* Build configuration list for PBXNativeTarget "DECRYPTo" */ = {
			isa = XCConfigurationList;
			buildConfigurations = (
				C3956DD9291234C100B31A54 /* Debug */,
				C3956DDA291234C100B31A54 /* Release */,
			);
			defaultConfigurationIsVisible = 0;
			defaultConfigurationName = Release;
		};
/* End XCConfigurationList section */
	};
	rootObject = C3956DBC291234BE00B31A54 /* Project object */;
}
